
Microsoft Visual Studio Solution File, Format Version 12.00
# Visual Studio Version 16
VisualStudioVersion = 16.0.808.5
MinimumVisualStudioVersion = 10.0.40219.1
Project("{FAE04EC0-301F-11D3-BF4B-00C04F79EFBC}") = "BookLibrary", "BookLibrary\BookLibrary.csproj", "{793EBF72-1258-45F4-A39B-10503AEB8B16}"
EndProject
Global
	GlobalSection(SolutionConfigurationPlatforms) = preSolution
		Debug|anycpu = Debug|anycpu
		Release|anycpu = Release|anycpu
	EndGlobalSection
	GlobalSection(ProjectConfigurationPlatforms) = postSolution
		{793EBF72-1258-45F4-A39B-10503AEB8B16}.Debug|anycpu.ActiveCfg = Debug|anycpu
		{793EBF72-1258-45F4-A39B-10503AEB8B16}.Debug|anycpu.Build.0 = Debug|anycpu
		{793EBF72-1258-45F4-A39B-10503AEB8B16}.Release|anycpu.ActiveCfg = Release|anycpu
		{793EBF72-1258-45F4-A39B-10503AEB8B16}.Release|anycpu.Build.0 = Release|anycpu
	EndGlobalSection
	GlobalSection(SolutionProperties) = preSolution
		HideSolutionNode = FALSE
	EndGlobalSection
	GlobalSection(ExtensibilityGlobals) = postSolution
		SolutionGuid = {A86DFD26-4B93-4A35-8F52-77BF4466D1F8}
	EndGlobalSection
EndGlobal
